{
  "name": "almost-here",
  "version": "0.0.1",
  "lockfileVersion": 1,
  "requires": true,
  "dependencies": {
    "react-native-background-timer": {
      "version": "2.0.0",
      "resolved": "https://registry.npmjs.org/react-native-background-timer/-/react-native-background-timer-2.0.0.tgz",
      "integrity": "sha512-vLNJIedXQZN4p3ChFsAgVHacnJqQMnLl+wBsnZuliRkmsjEHo8kQOA9fnLih/OoiDi1O3eHQvXC5L8f+RYiKgw=="
    },
    "react-native-push-notification": {
      "version": "3.0.2",
      "resolved": "https://registry.npmjs.org/react-native-push-notification/-/react-native-push-notification-3.0.2.tgz",
      "integrity": "sha512-enBzytbmBi4keOSPH6eofcXC2/z0GivJAbYpJmT6SdM964WbRAZV3mW6ouX/WhcqcI9dD8IEAu1edZuPzZkxCw=="
    },
    "react-native-storage": {
      "version": "0.2.2",
      "resolved": "https://registry.npmjs.org/react-native-storage/-/react-native-storage-0.2.2.tgz",
      "integrity": "sha512-hzxo90kL5BFp/v+CJyRMF7c+YzlEExHSfnVHe/YdczEyL2k5vl5zgVDTWVr4913jpf7YqXpT5PipmNdaKVE/tg=="
    }
  }
}
